
Microsoft Visual Studio Solution File, Format Version 12.00
# Visual Studio 2012
Project("{FAE04EC0-301F-11D3-BF4B-00C04F79EFBC}") = "XamarinGeoLocator", "XamarinGeoLocator\XamarinGeoLocator.csproj", "{CBA039A8-461D-4DC6-B290-84C0C5A5B758}"
EndProject
Global
	GlobalSection(SolutionConfigurationPlatforms) = preSolution
		Debug|iPhoneSimulator = Debug|iPhoneSimulator
		Release|iPhone = Release|iPhone
		Release|iPhoneSimulator = Release|iPhoneSimulator
		Debug|iPhone = Debug|iPhone
	EndGlobalSection
	GlobalSection(ProjectConfigurationPlatforms) = postSolution
		{CBA039A8-461D-4DC6-B290-84C0C5A5B758}.Debug|iPhoneSimulator.ActiveCfg = Debug|iPhoneSimulator
		{CBA039A8-461D-4DC6-B290-84C0C5A5B758}.Debug|iPhoneSimulator.Build.0 = Debug|iPhoneSimulator
		{CBA039A8-461D-4DC6-B290-84C0C5A5B758}.Release|iPhone.ActiveCfg = Release|iPhone
		{CBA039A8-461D-4DC6-B290-84C0C5A5B758}.Release|iPhone.Build.0 = Release|iPhone
		{CBA039A8-461D-4DC6-B290-84C0C5A5B758}.Release|iPhoneSimulator.ActiveCfg = Release|iPhoneSimulator
		{CBA039A8-461D-4DC6-B290-84C0C5A5B758}.Release|iPhoneSimulator.Build.0 = Release|iPhoneSimulator
		{CBA039A8-461D-4DC6-B290-84C0C5A5B758}.Debug|iPhone.ActiveCfg = Debug|iPhone
		{CBA039A8-461D-4DC6-B290-84C0C5A5B758}.Debug|iPhone.Build.0 = Debug|iPhone
	EndGlobalSection
EndGlobal
